github.com/divan/num2words v0.0.0-20170904212200-57dba452f942 h1:fJ8/Lid8fF4i7Bwl7vWKvG2KeZzr3yU4qG6h/DPdXLU=
github.com/divan/num2words v0.0.0-20170904212200-57dba452f942/go.mod h1:K88GQWK1aAiPMo9q2LZwyKBfEGnge7kmVVTUcZ61HSc=
github.com/gopherjs/gopherjs v1.17.2 h1:fQnZVsXk8uxXIStYb0N4bGk7jeyTalG/wsZjQ25dO0g=
github.com/jtolds/gls v4.20.0+incompatible h1:xdiiI2gbIgH/gLH7ADydsJ1uDOEzR8yvV7C0MuV77Wo=
github.com/smarty/assertions v1.15.0 h1:cR//PqUBUiQRakZWqBiFFQ9wb8emQGDb0HeGdqGByCY=
github.com/smartystreets/goconvey v1.8.1 h1:qGjIddxOk4grTu9JPOU31tVfq3cNdBlNa5sSznIX1xY=
github.com/smartystreets/goconvey v1.8.1/go.mod h1:+/u4qLyY6x1jReYOp7GOM2FSt8aP9CzCZL03bI28W60=
github.com/yuin/goldmark v1.4.13 h1:fVcFKWvrslecOb/tg+Cc05dkeYx540o0FuFt3nUVDoE=
github.com/yuin/goldmark v1.4.13/go.mod h1:6yULJ656Px+3vBD8DxQVa3kxgyrAnzto9xy5taEt/CY=
golang.org/x/mod v0.12.0 h1:rmsUpXtvNzj340zd98LZ4KntptpfRHwpFOHG188oHXc=
golang.org/x/mod v0.12.0/go.mod h1:iBbtSCu2XBx23ZKBPSOrRkjjQPZFPuis4dIYUhu/chs=
golang.org/x/sys v0.11.0 h1:eG7RXZHdqOJ1i+0lgLgCpSXAp6M3LYlAo6osgSi0xOM=
golang.org/x/sys v0.11.0/go.mod h1:oPkhp1MJrh7nUepCBck5+mAzfO9JrbApNNgaTdGDITg=
golang.org/x/sys v0.12.0 h1:CM0HF96J0hcLAwsHPJZjfdNzs0gftsLfgKt57wWHJ0o=
golang.org/x/sys v0.12.0/go.mod h1:oPkhp1MJrh7nUepCBck5+mAzfO9JrbApNNgaTdGDITg=
golang.org/x/tools v0.12.0 h1:YW6HUoUmYBpwSgyaGaZq1fHjrBjX1rlpZ54T6mu2kss=
golang.org/x/tools v0.12.0/go.mod h1:Sc0INKfu04TlqNoRA1hgpFZbhYXHPr4V5DzpSBTPqQM=
golang.org/x/tools v0.13.0 h1:Iey4qkscZuv0VvIt8E0neZjtPVQFSc870HQ448QgEmQ=
golang.org/x/tools v0.13.0/go.mod h1:HvlwmtVNQAhOuCjW7xxvovg8wbNq7LwfXh/k7wXUl58=
